
Microsoft Visual Studio Solution File, Format Version 12.00
# Visual Studio 15
VisualStudioVersion = 15.0.28307.2017
MinimumVisualStudioVersion = 10.0.40219.1
Project("{8BC9CEB8-8B4A-11D0-8D11-00A0C91BC942}") = "QGISDevExcer", "QGISDevExcer.vcxproj", "{57CB8E30-8869-4A9C-874B-A957DC9EA210}"
EndProject
Global
	GlobalSection(SolutionConfigurationPlatforms) = preSolution
		Debug|x64 = Debug|x64
		Debug|x86 = Debug|x86
		Release|x64 = Release|x64
		Release|x86 = Release|x86
	EndGlobalSection
	GlobalSection(ProjectConfigurationPlatforms) = postSolution
		{57CB8E30-8869-4A9C-874B-A957DC9EA210}.Debug|x64.ActiveCfg = Release|x64
		{57CB8E30-8869-4A9C-874B-A957DC9EA210}.Debug|x64.Build.0 = Release|x64
		{57CB8E30-8869-4A9C-874B-A957DC9EA210}.Debug|x86.ActiveCfg = Release|x64
		{57CB8E30-8869-4A9C-874B-A957DC9EA210}.Debug|x86.Build.0 = Release|x64
		{57CB8E30-8869-4A9C-874B-A957DC9EA210}.Release|x64.ActiveCfg = Release|x64
		{57CB8E30-8869-4A9C-874B-A957DC9EA210}.Release|x64.Build.0 = Release|x64
		{57CB8E30-8869-4A9C-874B-A957DC9EA210}.Release|x86.ActiveCfg = Release|x64
	EndGlobalSection
	GlobalSection(SolutionProperties) = preSolution
		HideSolutionNode = FALSE
	EndGlobalSection
	GlobalSection(ExtensibilityGlobals) = postSolution
		SolutionGuid = {4FC11FD2-A0CF-4EB1-B62B-EC6E52888978}
	EndGlobalSection
EndGlobal
